# THIS IS AN AUTOGENERATED FILE. DO NOT EDIT THIS FILE DIRECTLY.
# yarn lockfile v1


simple-json-db@^2.0.0:
  version "2.0.0"
  resolved "https://registry.yarnpkg.com/simple-json-db/-/simple-json-db-2.0.0.tgz#5ed27b0ed16f909506a72953f17eda49e278601d"
  integrity sha512-oTh7gFQzqAe0E8RN3EkisPo0CojkzcKCKibTcJncg0yt47hWTaNwwjX/FsxfXSTDxfMjBFXFVnZe/EskAlJr7w==
